Microsoft Visual Studio Solution File, Format Version 12.00
# Visual Studio 2012
Project("{FAE04EC0-301F-11D3-BF4B-00C04F79EFBC}") = "StormTime", "StormTime.csproj", "{FC817F76-3B4A-4C0B-834E-3BFECD47CDCC}"
EndProject
Global
	GlobalSection(SolutionConfigurationPlatforms) = preSolution
	Debug|Any CPU = Debug|Any CPU
	Release|Any CPU = Release|Any CPU
	Tools|Any CPU = Tools|Any CPU
	EndGlobalSection
	GlobalSection(ProjectConfigurationPlatforms) = postSolution
		{FC817F76-3B4A-4C0B-834E-3BFECD47CDCC}.Debug|Any CPU.ActiveCfg = Debug|Any CPU
		{FC817F76-3B4A-4C0B-834E-3BFECD47CDCC}.Debug|Any CPU.Build.0 = Debug|Any CPU
		{FC817F76-3B4A-4C0B-834E-3BFECD47CDCC}.Release|Any CPU.ActiveCfg = Release|Any CPU
		{FC817F76-3B4A-4C0B-834E-3BFECD47CDCC}.Release|Any CPU.Build.0 = Release|Any CPU
		{FC817F76-3B4A-4C0B-834E-3BFECD47CDCC}.Tools|Any CPU.ActiveCfg = Tools|Any CPU
		{FC817F76-3B4A-4C0B-834E-3BFECD47CDCC}.Tools|Any CPU.Build.0 = Tools|Any CPU
	EndGlobalSection
EndGlobal
